
Microsoft Visual Studio Solution File, Format Version 12.00
# Visual Studio 14
VisualStudioVersion = 14.0.25420.1
MinimumVisualStudioVersion = 10.0.40219.1
Project("{2150E333-8FDC-42A3-9474-1A3956D46DE8}") = "1-Basic", "1-Basic", "{8908924F-FF6D-437A-AAC1-6213817CB7A0}"
EndProject
Project("{FAE04EC0-301F-11D3-BF4B-00C04F79EFBC}") = "WebApplication1", "WebApplication1\WebApplication1.csproj", "{92F5CBBE-0001-41E2-B463-BCEDE6F4ECDD}"
EndProject
Project("{2150E333-8FDC-42A3-9474-1A3956D46DE8}") = "2-BasicAuthorization", "2-BasicAuthorization", "{FE4D3214-CC60-4934-A654-5CF583A930CB}"
EndProject
Project("{FAE04EC0-301F-11D3-BF4B-00C04F79EFBC}") = "WebApplication2", "WebApplication2\WebApplication2.csproj", "{70AC3C55-250E-4841-BAF4-EF149670180A}"
EndProject
Project("{2150E333-8FDC-42A3-9474-1A3956D46DE8}") = "0-ReadMe", "0-ReadMe", "{C1192357-4AD8-4834-BCDF-9D4F88B855BA}"
	ProjectSection(SolutionItems) = preProject
		Instructions.txt = Instructions.txt
	EndProjectSection
EndProject
Project("{2150E333-8FDC-42A3-9474-1A3956D46DE8}") = "3-RecurringJob", "3-RecurringJob", "{5C0C56C7-0460-439B-B4D2-5E0A907576ED}"
EndProject
Project("{FAE04EC0-301F-11D3-BF4B-00C04F79EFBC}") = "WebApplication3", "WebApplication3\WebApplication3.csproj", "{00B2704F-11ED-465C-A049-AD8D91646D20}"
EndProject
Project("{2150E333-8FDC-42A3-9474-1A3956D46DE8}") = "4-AdvancedConfiguration", "4-AdvancedConfiguration", "{492B74BA-1CE3-4B35-9AC3-2AE9A6D34405}"
EndProject
Project("{FAE04EC0-301F-11D3-BF4B-00C04F79EFBC}") = "WebApplication4", "WebApplication4\WebApplication4.csproj", "{7A76EACD-2617-4CD6-AC47-E6B4F89D98AF}"
EndProject
Project("{2150E333-8FDC-42A3-9474-1A3956D46DE8}") = "5-Adhoc", "5-Adhoc", "{B49D0E41-78F9-453E-889D-849716C65D42}"
EndProject
Project("{FAE04EC0-301F-11D3-BF4B-00C04F79EFBC}") = "WebApplication5", "WebApplication5\WebApplication5.csproj", "{EF764D66-90F6-4ED5-A02A-450A2BE47533}"
EndProject
Project("{2150E333-8FDC-42A3-9474-1A3956D46DE8}") = "6-Queues", "6-Queues", "{5492B17B-42A7-441A-A406-2FBF33E2C8D2}"
EndProject
Project("{FAE04EC0-301F-11D3-BF4B-00C04F79EFBC}") = "WebApplication6", "WebApplication6\WebApplication6.csproj", "{283D62F1-135C-4CFF-95F0-672CEC89C165}"
EndProject
Project("{2150E333-8FDC-42A3-9474-1A3956D46DE8}") = "7-OwinHosted", "7-OwinHosted", "{90DE41D2-3EC0-4617-BD59-0DECE54E12E4}"
EndProject
Project("{FAE04EC0-301F-11D3-BF4B-00C04F79EFBC}") = "ConsoleApplication1", "ConsoleApplication1\ConsoleApplication1.csproj", "{31D5A4B5-623B-41B1-96EE-D2F07C5FAC23}"
EndProject
Project("{FAE04EC0-301F-11D3-BF4B-00C04F79EFBC}") = "ClassLibrary1", "ClassLibrary1\ClassLibrary1.csproj", "{06E91AF8-4473-48E3-9381-549A193DD958}"
EndProject
Project("{FAE04EC0-301F-11D3-BF4B-00C04F79EFBC}") = "WebApplication7", "WebApplication7\WebApplication7.csproj", "{9F0A6BD2-1FC7-45CF-A6EB-637BA950DA49}"
EndProject
Global
	GlobalSection(SolutionConfigurationPlatforms) = preSolution
		Debug|Any CPU = Debug|Any CPU
		Release|Any CPU = Release|Any CPU
	EndGlobalSection
	GlobalSection(ProjectConfigurationPlatforms) = postSolution
		{92F5CBBE-0001-41E2-B463-BCEDE6F4ECDD}.Debug|Any CPU.ActiveCfg = Debug|Any CPU
		{92F5CBBE-0001-41E2-B463-BCEDE6F4ECDD}.Debug|Any CPU.Build.0 = Debug|Any CPU
		{92F5CBBE-0001-41E2-B463-BCEDE6F4ECDD}.Release|Any CPU.ActiveCfg = Release|Any CPU
		{92F5CBBE-0001-41E2-B463-BCEDE6F4ECDD}.Release|Any CPU.Build.0 = Release|Any CPU
		{70AC3C55-250E-4841-BAF4-EF149670180A}.Debug|Any CPU.ActiveCfg = Debug|Any CPU
		{70AC3C55-250E-4841-BAF4-EF149670180A}.Debug|Any CPU.Build.0 = Debug|Any CPU
		{70AC3C55-250E-4841-BAF4-EF149670180A}.Release|Any CPU.ActiveCfg = Release|Any CPU
		{70AC3C55-250E-4841-BAF4-EF149670180A}.Release|Any CPU.Build.0 = Release|Any CPU
		{00B2704F-11ED-465C-A049-AD8D91646D20}.Debug|Any CPU.ActiveCfg = Debug|Any CPU
		{00B2704F-11ED-465C-A049-AD8D91646D20}.Debug|Any CPU.Build.0 = Debug|Any CPU
		{00B2704F-11ED-465C-A049-AD8D91646D20}.Release|Any CPU.ActiveCfg = Release|Any CPU
		{00B2704F-11ED-465C-A049-AD8D91646D20}.Release|Any CPU.Build.0 = Release|Any CPU
		{7A76EACD-2617-4CD6-AC47-E6B4F89D98AF}.Debug|Any CPU.ActiveCfg = Debug|Any CPU
		{7A76EACD-2617-4CD6-AC47-E6B4F89D98AF}.Debug|Any CPU.Build.0 = Debug|Any CPU
		{7A76EACD-2617-4CD6-AC47-E6B4F89D98AF}.Release|Any CPU.ActiveCfg = Release|Any CPU
		{7A76EACD-2617-4CD6-AC47-E6B4F89D98AF}.Release|Any CPU.Build.0 = Release|Any CPU
		{EF764D66-90F6-4ED5-A02A-450A2BE47533}.Debug|Any CPU.ActiveCfg = Debug|Any CPU
		{EF764D66-90F6-4ED5-A02A-450A2BE47533}.Debug|Any CPU.Build.0 = Debug|Any CPU
		{EF764D66-90F6-4ED5-A02A-450A2BE47533}.Release|Any CPU.ActiveCfg = Release|Any CPU
		{EF764D66-90F6-4ED5-A02A-450A2BE47533}.Release|Any CPU.Build.0 = Release|Any CPU
		{283D62F1-135C-4CFF-95F0-672CEC89C165}.Debug|Any CPU.ActiveCfg = Debug|Any CPU
		{283D62F1-135C-4CFF-95F0-672CEC89C165}.Debug|Any CPU.Build.0 = Debug|Any CPU
		{283D62F1-135C-4CFF-95F0-672CEC89C165}.Release|Any CPU.ActiveCfg = Release|Any CPU
		{283D62F1-135C-4CFF-95F0-672CEC89C165}.Release|Any CPU.Build.0 = Release|Any CPU
		{31D5A4B5-623B-41B1-96EE-D2F07C5FAC23}.Debug|Any CPU.ActiveCfg = Debug|Any CPU
		{31D5A4B5-623B-41B1-96EE-D2F07C5FAC23}.Debug|Any CPU.Build.0 = Debug|Any CPU
		{31D5A4B5-623B-41B1-96EE-D2F07C5FAC23}.Release|Any CPU.ActiveCfg = Release|Any CPU
		{31D5A4B5-623B-41B1-96EE-D2F07C5FAC23}.Release|Any CPU.Build.0 = Release|Any CPU
		{06E91AF8-4473-48E3-9381-549A193DD958}.Debug|Any CPU.ActiveCfg = Debug|Any CPU
		{06E91AF8-4473-48E3-9381-549A193DD958}.Debug|Any CPU.Build.0 = Debug|Any CPU
		{06E91AF8-4473-48E3-9381-549A193DD958}.Release|Any CPU.ActiveCfg = Release|Any CPU
		{06E91AF8-4473-48E3-9381-549A193DD958}.Release|Any CPU.Build.0 = Release|Any CPU
		{9F0A6BD2-1FC7-45CF-A6EB-637BA950DA49}.Debug|Any CPU.ActiveCfg = Debug|Any CPU
		{9F0A6BD2-1FC7-45CF-A6EB-637BA950DA49}.Debug|Any CPU.Build.0 = Debug|Any CPU
		{9F0A6BD2-1FC7-45CF-A6EB-637BA950DA49}.Release|Any CPU.ActiveCfg = Release|Any CPU
		{9F0A6BD2-1FC7-45CF-A6EB-637BA950DA49}.Release|Any CPU.Build.0 = Release|Any CPU
	EndGlobalSection
	GlobalSection(SolutionProperties) = preSolution
		HideSolutionNode = FALSE
	EndGlobalSection
	GlobalSection(NestedProjects) = preSolution
		{92F5CBBE-0001-41E2-B463-BCEDE6F4ECDD} = {8908924F-FF6D-437A-AAC1-6213817CB7A0}
		{70AC3C55-250E-4841-BAF4-EF149670180A} = {FE4D3214-CC60-4934-A654-5CF583A930CB}
		{00B2704F-11ED-465C-A049-AD8D91646D20} = {5C0C56C7-0460-439B-B4D2-5E0A907576ED}
		{7A76EACD-2617-4CD6-AC47-E6B4F89D98AF} = {492B74BA-1CE3-4B35-9AC3-2AE9A6D34405}
		{EF764D66-90F6-4ED5-A02A-450A2BE47533} = {B49D0E41-78F9-453E-889D-849716C65D42}
		{283D62F1-135C-4CFF-95F0-672CEC89C165} = {5492B17B-42A7-441A-A406-2FBF33E2C8D2}
		{31D5A4B5-623B-41B1-96EE-D2F07C5FAC23} = {90DE41D2-3EC0-4617-BD59-0DECE54E12E4}
		{06E91AF8-4473-48E3-9381-549A193DD958} = {90DE41D2-3EC0-4617-BD59-0DECE54E12E4}
		{9F0A6BD2-1FC7-45CF-A6EB-637BA950DA49} = {90DE41D2-3EC0-4617-BD59-0DECE54E12E4}
	EndGlobalSection
EndGlobal
